// !$*UTF8*$!
{
	archiveVersion = 1;
	classes = {
	};
	objectVersion = 55;
	objects = {

/* Begin PBXBuildFile section */
		6814C7DE58DB33C41B43D786 /* Pods_iOS13_UiKit_chat.framework in Frameworks */ = {isa = PBXBuildFile; fileRef = 152723DF45A3838A89105704 /* Pods_iOS13_UiKit_chat.framework */; };
		84CD782F27CFC7750021513A /* Constants.swift in Sources */ = {isa = PBXBuildFile; fileRef = 84CD782E27CFC7750021513A /* Constants.swift */; };
		84D6440C27CD1C85003C4679 /* AppDelegate.swift in Sources */ = {isa = PBXBuildFile; fileRef = 84D6440B27CD1C85003C4679 /* AppDelegate.swift */; };
		84D6440E27CD1C85003C4679 /* SceneDelegate.swift in Sources */ = {isa = PBXBuildFile; fileRef = 84D6440D27CD1C85003C4679 /* SceneDelegate.swift */; };
		84D6441027CD1C85003C4679 /* ViewController.swift in Sources */ = {isa = PBXBuildFile; fileRef = 84D6440F27CD1C85003C4679 /* ViewController.swift */; };
		84D6441327CD1C85003C4679 /* Main.storyboard in Resources */ = {isa = PBXBuildFile; fileRef = 84D6441127CD1C85003C4679 /* Main.storyboard */; };
		84D6441527CD1C88003C4679 /* Assets.xcassets in Resources */ = {isa = PBXBuildFile; fileRef = 84D6441427CD1C88003C4679 /* Assets.xcassets */; };
		84D6441827CD1C88003C4679 /* LaunchScreen.storyboard in Resources */ = {isa = PBXBuildFile; fileRef = 84D6441627CD1C88003C4679 /* LaunchScreen.storyboard */; };
		84D6442427CD1D46003C4679 /* WelcomViewController.swift in Sources */ = {isa = PBXBuildFile; fileRef = 84D6442327CD1D46003C4679 /* WelcomViewController.swift */; };
		84D6442627CD1D61003C4679 /* RegisterViewController.swift in Sources */ = {isa = PBXBuildFile; fileRef = 84D6442527CD1D61003C4679 /* RegisterViewController.swift */; };
		84D6442827CD1D73003C4679 /* LoginViewController.swift in Sources */ = {isa = PBXBuildFile; fileRef = 84D6442727CD1D73003C4679 /* LoginViewController.swift */; };
		84D6442A27CD1D84003C4679 /* ChatViewController.swift in Sources */ = {isa = PBXBuildFile; fileRef = 84D6442927CD1D84003C4679 /* ChatViewController.swift */; };
		84D6442C27CE8000003C4679 /* GoogleService-Info.plist in Resources */ = {isa = PBXBuildFile; fileRef = 84D6442B27CE8000003C4679 /* GoogleService-Info.plist */; };
		84D6442F27CE811E003C4679 /* FirebaseAuth in Frameworks */ = {isa = PBXBuildFile; productRef = 84D6442E27CE811E003C4679 /* FirebaseAuth */; };
/* End PBXBuildFile section */

/* Begin PBXFileReference section */
		152723DF45A3838A89105704 /* Pods_iOS13_UiKit_chat.framework */ = {isa = PBXFileReference; explicitFileType = wrapper.framework; includeInIndex = 0; path = Pods_iOS13_UiKit_chat.framework; sourceTree = BUILT_PRODUCTS_DIR; };
		36CB149FBD9FB4B7FC68D496 /* Pods-iOS13-UiKit-chat.release.xcconfig */ = {isa = PBXFileReference; includeInIndex = 1; lastKnownFileType = text.xcconfig; name = "Pods-iOS13-UiKit-chat.release.xcconfig"; path = "Target Support Files/Pods-iOS13-UiKit-chat/Pods-iOS13-UiKit-chat.release.xcconfig"; sourceTree = "<group>"; };
		84CD782E27CFC7750021513A /* Constants.swift */ = {isa = PBXFileReference; lastKnownFileType = sourcecode.swift; path = Constants.swift; sourceTree = "<group>"; };
		84D6440827CD1C85003C4679 /* iOS13-UiKit-chat.app */ = {isa = PBXFileReference; explicitFileType = wrapper.application; includeInIndex = 0; path = "iOS13-UiKit-chat.app"; sourceTree = BUILT_PRODUCTS_DIR; };
		84D6440B27CD1C85003C4679 /* AppDelegate.swift */ = {isa = PBXFileReference; lastKnownFileType = sourcecode.swift; path = AppDelegate.swift; sourceTree = "<group>"; };
		84D6440D27CD1C85003C4679 /* SceneDelegate.swift */ = {isa = PBXFileReference; lastKnownFileType = sourcecode.swift; path = SceneDelegate.swift; sourceTree = "<group>"; };
		84D6440F27CD1C85003C4679 /* ViewController.swift */ = {isa = PBXFileReference; lastKnownFileType = sourcecode.swift; path = ViewController.swift; sourceTree = "<group>"; };
		84D6441227CD1C85003C4679 /* Base */ = {isa = PBXFileReference; lastKnownFileType = file.storyboard; name = Base; path = Base.lproj/Main.storyboard; sourceTree = "<group>"; };
		84D6441427CD1C88003C4679 /* Assets.xcassets */ = {isa = PBXFileReference; lastKnownFileType = folder.assetcatalog; path = Assets.xcassets; sourceTree = "<group>"; };
		84D6441727CD1C88003C4679 /* Base */ = {isa = PBXFileReference; lastKnownFileType = file.storyboard; name = Base; path = Base.lproj/LaunchScreen.storyboard; sourceTree = "<group>"; };
		84D6441927CD1C88003C4679 /* Info.plist */ = {isa = PBXFileReference; lastKnownFileType = text.plist.xml; path = Info.plist; sourceTree = "<group>"; };
		84D6442327CD1D46003C4679 /* WelcomViewController.swift */ = {isa = PBXFileReference; lastKnownFileType = sourcecode.swift; path = WelcomViewController.swift; sourceTree = "<group>"; };
		84D6442527CD1D61003C4679 /* RegisterViewController.swift */ = {isa = PBXFileReference; lastKnownFileType = sourcecode.swift; path = RegisterViewController.swift; sourceTree = "<group>"; };
		84D6442727CD1D73003C4679 /* LoginViewController.swift */ = {isa = PBXFileReference; lastKnownFileType = sourcecode.swift; path = LoginViewController.swift; sourceTree = "<group>"; };
		84D6442927CD1D84003C4679 /* ChatViewController.swift */ = {isa = PBXFileReference; lastKnownFileType = sourcecode.swift; path = ChatViewController.swift; sourceTree = "<group>"; };
		84D6442B27CE8000003C4679 /* GoogleService-Info.plist */ = {isa = PBXFileReference; fileEncoding = 4; lastKnownFileType = text.plist.xml; path = "GoogleService-Info.plist"; sourceTree = "<group>"; };
		9784F98ACEF4ECACFE24253D /* Pods-iOS13-UiKit-chat.debug.xcconfig */ = {isa = PBXFileReference; includeInIndex = 1; lastKnownFileType = text.xcconfig; name = "Pods-iOS13-UiKit-chat.debug.xcconfig"; path = "Target Support Files/Pods-iOS13-UiKit-chat/Pods-iOS13-UiKit-chat.debug.xcconfig"; sourceTree = "<group>"; };
/* End PBXFileReference section */

/* Begin PBXFrameworksBuildPhase section */
		84D6440527CD1C85003C4679 /* Frameworks */ = {
			isa = PBXFrameworksBuildPhase;
			buildActionMask = 2147483647;
			files = (
				6814C7DE58DB33C41B43D786 /* Pods_iOS13_UiKit_chat.framework in Frameworks */,
				84D6442F27CE811E003C4679 /* FirebaseAuth in Frameworks */,
			);
			runOnlyForDeploymentPostprocessing = 0;
		};
/* End PBXFrameworksBuildPhase section */

/* Begin PBXGroup section */
		38247BAC4B7DE52CE11EFEAD /* Frameworks */ = {
			isa = PBXGroup;
			children = (
				152723DF45A3838A89105704 /* Pods_iOS13_UiKit_chat.framework */,
			);
			name = Frameworks;
			sourceTree = "<group>";
		};
		84D643FF27CD1C85003C4679 = {
			isa = PBXGroup;
			children = (
				84D6440A27CD1C85003C4679 /* iOS13-UiKit-chat */,
				84D6440927CD1C85003C4679 /* Products */,
				DDF7D24431BA51AD07264DDF /* Pods */,
				38247BAC4B7DE52CE11EFEAD /* Frameworks */,
			);
			sourceTree = "<group>";
		};
		84D6440927CD1C85003C4679 /* Products */ = {
			isa = PBXGroup;
			children = (
				84D6440827CD1C85003C4679 /* iOS13-UiKit-chat.app */,
			);
			name = Products;
			sourceTree = "<group>";
		};
		84D6440A27CD1C85003C4679 /* iOS13-UiKit-chat */ = {
			isa = PBXGroup;
			children = (
				84D6442227CD1D21003C4679 /* Controllers */,
				84D6442127CD1D1A003C4679 /* Models */,
				84D6442027CD1D12003C4679 /* Views */,
				84D6440B27CD1C85003C4679 /* AppDelegate.swift */,
				84D6440D27CD1C85003C4679 /* SceneDelegate.swift */,
				84D6440F27CD1C85003C4679 /* ViewController.swift */,
				84D6441427CD1C88003C4679 /* Assets.xcassets */,
				84D6441627CD1C88003C4679 /* LaunchScreen.storyboard */,
				84D6441927CD1C88003C4679 /* Info.plist */,
				84D6442B27CE8000003C4679 /* GoogleService-Info.plist */,
			);
			path = "iOS13-UiKit-chat";
			sourceTree = "<group>";
		};
		84D6442027CD1D12003C4679 /* Views */ = {
			isa = PBXGroup;
			children = (
				84D6441127CD1C85003C4679 /* Main.storyboard */,
			);
			path = Views;
			sourceTree = "<group>";
		};
		84D6442127CD1D1A003C4679 /* Models */ = {
			isa = PBXGroup;
			children = (
				84CD782E27CFC7750021513A /* Constants.swift */,
			);
			path = Models;
			sourceTree = "<group>";
		};
		84D6442227CD1D21003C4679 /* Controllers */ = {
			isa = PBXGroup;
			children = (
				84D6442327CD1D46003C4679 /* WelcomViewController.swift */,
				84D6442527CD1D61003C4679 /* RegisterViewController.swift */,
				84D6442727CD1D73003C4679 /* LoginViewController.swift */,
				84D6442927CD1D84003C4679 /* ChatViewController.swift */,
			);
			path = Controllers;
			sourceTree = "<group>";
		};
		DDF7D24431BA51AD07264DDF /* Pods */ = {
			isa = PBXGroup;
			children = (
				9784F98ACEF4ECACFE24253D /* Pods-iOS13-UiKit-chat.debug.xcconfig */,
				36CB149FBD9FB4B7FC68D496 /* Pods-iOS13-UiKit-chat.release.xcconfig */,
			);
			path = Pods;
			sourceTree = "<group>";
		};
/* End PBXGroup section */

/* Begin PBXNativeTarget section */
		84D6440727CD1C85003C4679 /* iOS13-UiKit-chat */ = {
			isa = PBXNativeTarget;
			buildConfigurationList = 84D6441C27CD1C88003C4679 /* Build configuration list for PBXNativeTarget "iOS13-UiKit-chat" */;
			buildPhases = (
				CBC304B12DECEA2512938CC3 /* [CP] Check Pods Manifest.lock */,
				84D6440427CD1C85003C4679 /* Sources */,
				84D6440527CD1C85003C4679 /* Frameworks */,
				84D6440627CD1C85003C4679 /* Resources */,
				09583F64071BE20E8E3F0BF8 /* [CP] Embed Pods Frameworks */,
			);
			buildRules = (
			);
			dependencies = (
			);
			name = "iOS13-UiKit-chat";
			packageProductDependencies = (
				84D6442E27CE811E003C4679 /* FirebaseAuth */,
			);
			productName = "iOS13-UiKit-chat";
			productReference = 84D6440827CD1C85003C4679 /* iOS13-UiKit-chat.app */;
			productType = "com.apple.product-type.application";
		};
/* End PBXNativeTarget section */

/* Begin PBXProject section */
		84D6440027CD1C85003C4679 /* Project object */ = {
			isa = PBXProject;
			attributes = {
				BuildIndependentTargetsInParallel = 1;
				LastSwiftUpdateCheck = 1320;
				LastUpgradeCheck = 1320;
				TargetAttributes = {
					84D6440727CD1C85003C4679 = {
						CreatedOnToolsVersion = 13.2.1;
					};
				};
			};
			buildConfigurationList = 84D6440327CD1C85003C4679 /* Build configuration list for PBXProject "iOS13-UiKit-chat" */;
			compatibilityVersion = "Xcode 13.0";
			developmentRegion = en;
			hasScannedForEncodings = 0;
			knownRegions = (
				en,
				Base,
			);
			mainGroup = 84D643FF27CD1C85003C4679;
			packageReferences = (
				84D6442D27CE811E003C4679 /* XCRemoteSwiftPackageReference "firebase-ios-sdk" */,
			);
			productRefGroup = 84D6440927CD1C85003C4679 /* Products */;
			projectDirPath = "";
			projectRoot = "";
			targets = (
				84D6440727CD1C85003C4679 /* iOS13-UiKit-chat */,
			);
		};
/* End PBXProject section */

/* Begin PBXResourcesBuildPhase section */
		84D6440627CD1C85003C4679 /* Resources */ = {
			isa = PBXResourcesBuildPhase;
			buildActionMask = 2147483647;
			files = (
				84D6441827CD1C88003C4679 /* LaunchScreen.storyboard in Resources */,
				84D6442C27CE8000003C4679 /* GoogleService-Info.plist in Resources */,
				84D6441527CD1C88003C4679 /* Assets.xcassets in Resources */,
				84D6441327CD1C85003C4679 /* Main.storyboard in Resources */,
			);
			runOnlyForDeploymentPostprocessing = 0;
		};
/* End PBXResourcesBuildPhase section */

/* Begin PBXShellScriptBuildPhase section */
		09583F64071BE20E8E3F0BF8 /* [CP] Embed Pods Frameworks */ = {
			isa = PBXShellScriptBuildPhase;
			buildActionMask = 2147483647;
			files = (
			);
			inputFileListPaths = (
				"${PODS_ROOT}/Target Support Files/Pods-iOS13-UiKit-chat/Pods-iOS13-UiKit-chat-frameworks-${CONFIGURATION}-input-files.xcfilelist",
			);
			name = "[CP] Embed Pods Frameworks";
			outputFileListPaths = (
				"${PODS_ROOT}/Target Support Files/Pods-iOS13-UiKit-chat/Pods-iOS13-UiKit-chat-frameworks-${CONFIGURATION}-output-files.xcfilelist",
			);
			runOnlyForDeploymentPostprocessing = 0;
			shellPath = /bin/sh;
			shellScript = "\"${PODS_ROOT}/Target Support Files/Pods-iOS13-UiKit-chat/Pods-iOS13-UiKit-chat-frameworks.sh\"\n";
			showEnvVarsInLog = 0;
		};
		CBC304B12DECEA2512938CC3 /* [CP] Check Pods Manifest.lock */ = {
			isa = PBXShellScriptBuildPhase;
			buildActionMask = 2147483647;
			files = (
			);
			inputFileListPaths = (
			);
			inputPaths = (
				"${PODS_PODFILE_DIR_PATH}/Podfile.lock",
				"${PODS_ROOT}/Manifest.lock",
			);
			name = "[CP] Check Pods Manifest.lock";
			outputFileListPaths = (
			);
			outputPaths = (
				"$(DERIVED_FILE_DIR)/Pods-iOS13-UiKit-chat-checkManifestLockResult.txt",
			);
			runOnlyForDeploymentPostprocessing = 0;
			shellPath = /bin/sh;
			shellScript = "diff \"${PODS_PODFILE_DIR_PATH}/Podfile.lock\" \"${PODS_ROOT}/Manifest.lock\" > /dev/null\nif [ $? != 0 ] ; then\n    # print error to STDERR\n    echo \"error: The sandbox is not in sync with the Podfile.lock. Run 'pod install' or update your CocoaPods installation.\" >&2\n    exit 1\nfi\n# This output is used by Xcode 'outputs' to avoid re-running this script phase.\necho \"SUCCESS\" > \"${SCRIPT_OUTPUT_FILE_0}\"\n";
			showEnvVarsInLog = 0;
		};
/* End PBXShellScriptBuildPhase section */

/* Begin PBXSourcesBuildPhase section */
		84D6440427CD1C85003C4679 /* Sources */ = {
			isa = PBXSourcesBuildPhase;
			buildActionMask = 2147483647;
			files = (
				84D6442827CD1D73003C4679 /* LoginViewController.swift in Sources */,
				84D6441027CD1C85003C4679 /* ViewController.swift in Sources */,
				84D6442627CD1D61003C4679 /* RegisterViewController.swift in Sources */,
				84D6442A27CD1D84003C4679 /* ChatViewController.swift in Sources */,
				84D6440C27CD1C85003C4679 /* AppDelegate.swift in Sources */,
				84D6440E27CD1C85003C4679 /* SceneDelegate.swift in Sources */,
				84D6442427CD1D46003C4679 /* WelcomViewController.swift in Sources */,
				84CD782F27CFC7750021513A /* Constants.swift in Sources */,
			);
			runOnlyForDeploymentPostprocessing = 0;
		};
/* End PBXSourcesBuildPhase section */

/* Begin PBXVariantGroup section */
		84D6441127CD1C85003C4679 /* Main.storyboard */ = {
			isa = PBXVariantGroup;
			children = (
				84D6441227CD1C85003C4679 /* Base */,
			);
			name = Main.storyboard;
			sourceTree = "<group>";
		};
		84D6441627CD1C88003C4679 /* LaunchScreen.storyboard */ = {
			isa = PBXVariantGroup;
			children = (
				84D6441727CD1C88003C4679 /* Base */,
			);
			name = LaunchScreen.storyboard;
			sourceTree = "<group>";
		};
/* End PBXVariantGroup section */

/* Begin XCBuildConfiguration section */
		84D6441A27CD1C88003C4679 /* Debug */ = {
			isa = XCBuildConfiguration;
			buildSettings = {
				ALWAYS_SEARCH_USER_PATHS = NO;
				CLANG_ANALYZER_NONNULL = YES;
				CLANG_ANALYZER_NUMBER_OBJECT_CONVERSION = YES_AGGRESSIVE;
				CLANG_CXX_LANGUAGE_STANDARD = "gnu++17";
				CLANG_CXX_LIBRARY = "libc++";
				CLANG_ENABLE_MODULES = YES;
				CLANG_ENABLE_OBJC_ARC = YES;
				CLANG_ENABLE_OBJC_WEAK = YES;
				CLANG_WARN_BLOCK_CAPTURE_AUTORELEASING = YES;
				CLANG_WARN_BOOL_CONVERSION = YES;
				CLANG_WARN_COMMA = YES;
				CLANG_WARN_CONSTANT_CONVERSION = YES;
				CLANG_WARN_DEPRECATED_OBJC_IMPLEMENTATIONS = YES;
				CLANG_WARN_DIRECT_OBJC_ISA_USAGE = YES_ERROR;
				CLANG_WARN_DOCUMENTATION_COMMENTS = YES;
				CLANG_WARN_EMPTY_BODY = YES;
				CLANG_WARN_ENUM_CONVERSION = YES;
				CLANG_WARN_INFINITE_RECURSION = YES;
				CLANG_WARN_INT_CONVERSION = YES;
				CLANG_WARN_NON_LITERAL_NULL_CONVERSION = YES;
				CLANG_WARN_OBJC_IMPLICIT_RETAIN_SELF = YES;
				CLANG_WARN_OBJC_LITERAL_CONVERSION = YES;
				CLANG_WARN_OBJC_ROOT_CLASS = YES_ERROR;
				CLANG_WARN_QUOTED_INCLUDE_IN_FRAMEWORK_HEADER = YES;
				CLANG_WARN_RANGE_LOOP_ANALYSIS = YES;
				CLANG_WARN_STRICT_PROTOTYPES = YES;
				CLANG_WARN_SUSPICIOUS_MOVE = YES;
				CLANG_WARN_UNGUARDED_AVAILABILITY = YES_AGGRESSIVE;
				CLANG_WARN_UNREACHABLE_CODE = YES;
				CLANG_WARN__DUPLICATE_METHOD_MATCH = YES;
				COPY_PHASE_STRIP = NO;
				DEBUG_INFORMATION_FORMAT = dwarf;
				ENABLE_STRICT_OBJC_MSGSEND = YES;
				ENABLE_TESTABILITY = YES;
				GCC_C_LANGUAGE_STANDARD = gnu11;
				GCC_DYNAMIC_NO_PIC = NO;
				GCC_NO_COMMON_BLOCKS = YES;
				GCC_OPTIMIZATION_LEVEL = 0;
				GCC_PREPROCESSOR_DEFINITIONS = (
					"DEBUG=1",
					"$(inherited)",
				);
				GCC_WARN_64_TO_32_BIT_CONVERSION = YES;
				GCC_WARN_ABOUT_RETURN_TYPE = YES_ERROR;
				GCC_WARN_UNDECLARED_SELECTOR = YES;
				GCC_WARN_UNINITIALIZED_AUTOS = YES_AGGRESSIVE;
				GCC_WARN_UNUSED_FUNCTION = YES;
				GCC_WARN_UNUSED_VARIABLE = YES;
				IPHONEOS_DEPLOYMENT_TARGET = 15.2;
				MTL_ENABLE_DEBUG_INFO = INCLUDE_SOURCE;
				MTL_FAST_MATH = YES;
				ONLY_ACTIVE_ARCH = YES;
				SDKROOT = iphoneos;
				SWIFT_ACTIVE_COMPILATION_CONDITIONS = DEBUG;
				SWIFT_OPTIMIZATION_LEVEL = "-Onone";
			};
			name = Debug;
		};
		84D6441B27CD1C88003C4679 /* Release */ = {
			isa = XCBuildConfiguration;
			buildSettings = {
				ALWAYS_SEARCH_USER_PATHS = NO;
				CLANG_ANALYZER_NONNULL = YES;
				CLANG_ANALYZER_NUMBER_OBJECT_CONVERSION = YES_AGGRESSIVE;
				CLANG_CXX_LANGUAGE_STANDARD = "gnu++17";
				CLANG_CXX_LIBRARY = "libc++";
				CLANG_ENABLE_MODULES = YES;
				CLANG_ENABLE_OBJC_ARC = YES;
				CLANG_ENABLE_OBJC_WEAK = YES;
				CLANG_WARN_BLOCK_CAPTURE_AUTORELEASING = YES;
				CLANG_WARN_BOOL_CONVERSION = YES;
				CLANG_WARN_COMMA = YES;
				CLANG_WARN_CONSTANT_CONVERSION = YES;
				CLANG_WARN_DEPRECATED_OBJC_IMPLEMENTATIONS = YES;
				CLANG_WARN_DIRECT_OBJC_ISA_USAGE = YES_ERROR;
				CLANG_WARN_DOCUMENTATION_COMMENTS = YES;
				CLANG_WARN_EMPTY_BODY = YES;
				CLANG_WARN_ENUM_CONVERSION = YES;
				CLANG_WARN_INFINITE_RECURSION = YES;
				CLANG_WARN_INT_CONVERSION = YES;
				CLANG_WARN_NON_LITERAL_NULL_CONVERSION = YES;
				CLANG_WARN_OBJC_IMPLICIT_RETAIN_SELF = YES;
				CLANG_WARN_OBJC_LITERAL_CONVERSION = YES;
				CLANG_WARN_OBJC_ROOT_CLASS = YES_ERROR;
				CLANG_WARN_QUOTED_INCLUDE_IN_FRAMEWORK_HEADER = YES;
				CLANG_WARN_RANGE_LOOP_ANALYSIS = YES;
				CLANG_WARN_STRICT_PROTOTYPES = YES;
				CLANG_WARN_SUSPICIOUS_MOVE = YES;
				CLANG_WARN_UNGUARDED_AVAILABILITY = YES_AGGRESSIVE;
				CLANG_WARN_UNREACHABLE_CODE = YES;
				CLANG_WARN__DUPLICATE_METHOD_MATCH = YES;
				COPY_PHASE_STRIP = NO;
				DEBUG_INFORMATION_FORMAT = "dwarf-with-dsym";
				ENABLE_NS_ASSERTIONS = NO;
				ENABLE_STRICT_OBJC_MSGSEND = YES;
				GCC_C_LANGUAGE_STANDARD = gnu11;
				GCC_NO_COMMON_BLOCKS = YES;
				GCC_WARN_64_TO_32_BIT_CONVERSION = YES;
				GCC_WARN_ABOUT_RETURN_TYPE = YES_ERROR;
				GCC_WARN_UNDECLARED_SELECTOR = YES;
				GCC_WARN_UNINITIALIZED_AUTOS = YES_AGGRESSIVE;
				GCC_WARN_UNUSED_FUNCTION = YES;
				GCC_WARN_UNUSED_VARIABLE = YES;
				IPHONEOS_DEPLOYMENT_TARGET = 15.2;
				MTL_ENABLE_DEBUG_INFO = NO;
				MTL_FAST_MATH = YES;
				SDKROOT = iphoneos;
				SWIFT_COMPILATION_MODE = wholemodule;
				SWIFT_OPTIMIZATION_LEVEL = "-O";
				VALIDATE_PRODUCT = YES;
			};
			name = Release;
		};
		84D6441D27CD1C88003C4679 /* Debug */ = {
			isa = XCBuildConfiguration;
			baseConfigurationReference = 9784F98ACEF4ECACFE24253D /* Pods-iOS13-UiKit-chat.debug.xcconfig */;
			buildSettings = {
				ASSETCATALOG_COMPILER_APPICON_NAME = AppIcon;
				ASSETCATALOG_COMPILER_GLOBAL_ACCENT_COLOR_NAME = AccentColor;
				CODE_SIGN_STYLE = Automatic;
				CURRENT_PROJECT_VERSION = 1;
				DEVELOPMENT_TEAM = 5NV8L9334K;
				GENERATE_INFOPLIST_FILE = YES;
				INFOPLIST_FILE = "iOS13-UiKit-chat/Info.plist";
				INFOPLIST_KEY_UIApplicationSupportsIndirectInputEvents = YES;
				INFOPLIST_KEY_UILaunchStoryboardName = LaunchScreen;
				INFOPLIST_KEY_UIMainStoryboardFile = Main;
				INFOPLIST_KEY_UISupportedInterfaceOrientations_iPad = "UIInterfaceOrientationPortrait UIInterfaceOrientationPortraitUpsideDown UIInterfaceOrientationLandscapeLeft UIInterfaceOrientationLandscapeRight";
				INFOPLIST_KEY_UISupportedInterfaceOrientations_iPhone = "UIInterfaceOrientationPortrait UIInterfaceOrientationLandscapeLeft UIInterfaceOrientationLandscapeRight";
				IPHONEOS_DEPLOYMENT_TARGET = 13.0;
				LD_RUNPATH_SEARCH_PATHS = (
					"$(inherited)",
					"@executable_path/Frameworks",
				);
				MARKETING_VERSION = 1.0;
				PRODUCT_BUNDLE_IDENTIFIER = "Kamonpan.iOS13-UiKit-chat";
				PRODUCT_NAME = "$(TARGET_NAME)";
				SWIFT_EMIT_LOC_STRINGS = YES;
				SWIFT_VERSION = 5.0;
				TARGETED_DEVICE_FAMILY = "1,2";
			};
			name = Debug;
		};
		84D6441E27CD1C88003C4679 /* Release */ = {
			isa = XCBuildConfiguration;
			baseConfigurationReference = 36CB149FBD9FB4B7FC68D496 /* Pods-iOS13-UiKit-chat.release.xcconfig */;
			buildSettings = {
				ASSETCATALOG_COMPILER_APPICON_NAME = AppIcon;
				ASSETCATALOG_COMPILER_GLOBAL_ACCENT_COLOR_NAME = AccentColor;
				CODE_SIGN_STYLE = Automatic;
				CURRENT_PROJECT_VERSION = 1;
				DEVELOPMENT_TEAM = 5NV8L9334K;
				GENERATE_INFOPLIST_FILE = YES;
				INFOPLIST_FILE = "iOS13-UiKit-chat/Info.plist";
				INFOPLIST_KEY_UIApplicationSupportsIndirectInputEvents = YES;
				INFOPLIST_KEY_UILaunchStoryboardName = LaunchScreen;
				INFOPLIST_KEY_UIMainStoryboardFile = Main;
				INFOPLIST_KEY_UISupportedInterfaceOrientations_iPad = "UIInterfaceOrientationPortrait UIInterfaceOrientationPortraitUpsideDown UIInterfaceOrientationLandscapeLeft UIInterfaceOrientationLandscapeRight";
				INFOPLIST_KEY_UISupportedInterfaceOrientations_iPhone = "UIInterfaceOrientationPortrait UIInterfaceOrientationLandscapeLeft UIInterfaceOrientationLandscapeRight";
				IPHONEOS_DEPLOYMENT_TARGET = 13.0;
				LD_RUNPATH_SEARCH_PATHS = (
					"$(inherited)",
					"@executable_path/Frameworks",
				);
				MARKETING_VERSION = 1.0;
				PRODUCT_BUNDLE_IDENTIFIER = "Kamonpan.iOS13-UiKit-chat";
				PRODUCT_NAME = "$(TARGET_NAME)";
				SWIFT_EMIT_LOC_STRINGS = YES;
				SWIFT_VERSION = 5.0;
				TARGETED_DEVICE_FAMILY = "1,2";
			};
			name = Release;
		};
/* End XCBuildConfiguration section */

/* Begin XCConfigurationList section */
		84D6440327CD1C85003C4679 /* Build configuration list for PBXProject "iOS13-UiKit-chat" */ = {
			isa = XCConfigurationList;
			buildConfigurations = (
				84D6441A27CD1C88003C4679 /* Debug */,
				84D6441B27CD1C88003C4679 /* Release */,
			);
			defaultConfigurationIsVisible = 0;
			defaultConfigurationName = Release;
		};
		84D6441C27CD1C88003C4679 /* Build configuration list for PBXNativeTarget "iOS13-UiKit-chat" */ = {
			isa = XCConfigurationList;
			buildConfigurations = (
				84D6441D27CD1C88003C4679 /* Debug */,
				84D6441E27CD1C88003C4679 /* Release */,
			);
			defaultConfigurationIsVisible = 0;
			defaultConfigurationName = Release;
		};
/* End XCConfigurationList section */

/* Begin XCRemoteSwiftPackageReference section */
		84D6442D27CE811E003C4679 /* XCRemoteSwiftPackageReference "firebase-ios-sdk" */ = {
			isa = XCRemoteSwiftPackageReference;
			repositoryURL = "https://github.com/firebase/firebase-ios-sdk";
			requirement = {
				branch = master;
				kind = branch;
			};
		};
/* End XCRemoteSwiftPackageReference section */

/* Begin XCSwiftPackageProductDependency section */
		84D6442E27CE811E003C4679 /* FirebaseAuth */ = {
			isa = XCSwiftPackageProductDependency;
			package = 84D6442D27CE811E003C4679 /* XCRemoteSwiftPackageReference "firebase-ios-sdk" */;
			productName = FirebaseAuth;
		};
/* End XCSwiftPackageProductDependency section */
	};
	rootObject = 84D6440027CD1C85003C4679 /* Project object */;
}
